
Microsoft Visual Studio Solution File, Format Version 11.00
# Visual Studio 2010
Project("{FAE04EC0-301F-11D3-BF4B-00C04F79EFBC}") = "JSONLevelConverter", "JSONLevelConverter\JSONLevelConverter.csproj", "{CD593D9D-EE59-458F-8BD4-21C2D59F1DBB}"
EndProject
Global
	GlobalSection(SolutionConfigurationPlatforms) = preSolution
		Debug|Any CPU = Debug|Any CPU
		Release|Any CPU = Release|Any CPU
	EndGlobalSection
	GlobalSection(ProjectConfigurationPlatforms) = postSolution
		{CD593D9D-EE59-458F-8BD4-21C2D59F1DBB}.Debug|Any CPU.ActiveCfg = Debug|Any CPU
		{CD593D9D-EE59-458F-8BD4-21C2D59F1DBB}.Debug|Any CPU.Build.0 = Debug|Any CPU
		{CD593D9D-EE59-458F-8BD4-21C2D59F1DBB}.Release|Any CPU.ActiveCfg = Release|Any CPU
		{CD593D9D-EE59-458F-8BD4-21C2D59F1DBB}.Release|Any CPU.Build.0 = Release|Any CPU
	EndGlobalSection
	GlobalSection(SolutionProperties) = preSolution
		HideSolutionNode = FALSE
	EndGlobalSection
EndGlobal
